version: 6
environments:
  default:
    channels:
    - url: https://conda.anaconda.org/conda-forge/
    packages:
      osx-64:
      - conda: https://conda.anaconda.org/conda-forge/noarch/asttokens-3.0.0-pyhd8ed1ab_1.conda
      - conda: https://conda.anaconda.org/conda-forge/osx-64/bzip2-1.0.8-hfdf4475_7.conda
      - conda: https://conda.anaconda.org/conda-forge/noarch/ca-certificates-2025.4.26-hbd8a1cb_0.conda
      - conda: https://conda.anaconda.org/conda-forge/osx-64/cffi-1.17.1-py312hf857d28_0.conda
      - conda: https://conda.anaconda.org/conda-forge/noarch/click-8.1.8-pyh707e725_0.conda
      - conda: https://conda.anaconda.org/conda-forge/noarch/colorama-0.4.6-pyhd8ed1ab_1.conda
      - conda: https://conda.anaconda.org/conda-forge/osx-64/cryptography-44.0.2-py312h0995e51_0.conda
      - conda: https://conda.anaconda.org/conda-forge/noarch/decorator-5.2.1-pyhd8ed1ab_0.conda
      - conda: https://conda.anaconda.org/conda-forge/noarch/exceptiongroup-1.2.2-pyhd8ed1ab_1.conda
      - conda: https://conda.anaconda.org/conda-forge/noarch/executing-2.2.0-pyhd8ed1ab_0.conda
      - conda: https://conda.anaconda.org/conda-forge/noarch/gitdb-4.0.12-pyhd8ed1ab_0.conda
      - conda: https://conda.anaconda.org/conda-forge/noarch/gitpython-3.1.44-pyhff2d567_0.conda
      - conda: https://conda.anaconda.org/conda-forge/noarch/iniconfig-2.0.0-pyhd8ed1ab_1.conda
      - conda: https://conda.anaconda.org/conda-forge/noarch/ipython-9.2.0-pyhfb0248b_0.conda
      - conda: https://conda.anaconda.org/conda-forge/noarch/ipython_pygments_lexers-1.1.1-pyhd8ed1ab_0.conda
      - conda: https://conda.anaconda.org/conda-forge/noarch/jedi-0.19.2-pyhd8ed1ab_1.conda
      - conda: https://conda.anaconda.org/conda-forge/osx-64/libblas-3.9.0-31_h7f60823_openblas.conda
      - conda: https://conda.anaconda.org/conda-forge/osx-64/libcblas-3.9.0-31_hff6cab4_openblas.conda
      - conda: https://conda.anaconda.org/conda-forge/osx-64/libcxx-20.1.4-hf95d169_0.conda
      - conda: https://conda.anaconda.org/conda-forge/osx-64/libexpat-2.7.0-h240833e_0.conda
      - conda: https://conda.anaconda.org/conda-forge/osx-64/libffi-3.4.6-h281671d_1.conda
      - conda: https://conda.anaconda.org/conda-forge/osx-64/libgfortran-14.2.0-hef36b68_105.conda
      - conda: https://conda.anaconda.org/conda-forge/osx-64/libgfortran5-14.2.0-h58528f3_105.conda
      - conda: https://conda.anaconda.org/conda-forge/osx-64/liblapack-3.9.0-31_h236ab99_openblas.conda
      - conda: https://conda.anaconda.org/conda-forge/osx-64/liblzma-5.8.1-hd471939_0.conda
      - conda: https://conda.anaconda.org/conda-forge/osx-64/libopenblas-0.3.29-openmp_hbf64a52_0.conda
      - conda: https://conda.anaconda.org/conda-forge/osx-64/libsqlite-3.49.1-hdb6dae5_2.conda
      - conda: https://conda.anaconda.org/conda-forge/osx-64/libzlib-1.3.1-hd23fc13_2.conda
      - conda: https://conda.anaconda.org/conda-forge/osx-64/llvm-openmp-20.1.3-ha54dae1_0.conda
      - conda: https://conda.anaconda.org/conda-forge/noarch/matplotlib-inline-0.1.7-pyhd8ed1ab_1.conda
      - conda: https://conda.anaconda.org/conda-forge/osx-64/ncurses-6.5-h0622a9a_3.conda
      - conda: https://conda.anaconda.org/conda-forge/osx-64/numpy-2.2.5-py312h6693b03_0.conda
      - conda: https://conda.anaconda.org/conda-forge/osx-64/openssl-3.5.0-hc426f3f_0.conda
      - conda: https://conda.anaconda.org/conda-forge/noarch/packaging-25.0-pyh29332c3_1.conda
      - conda: https://conda.anaconda.org/conda-forge/osx-64/pandas-2.2.3-py312hec45ffd_3.conda
      - conda: https://conda.anaconda.org/conda-forge/osx-64/pandoc-3.6.4-h694c41f_0.conda
      - conda: https://conda.anaconda.org/conda-forge/noarch/parso-0.8.4-pyhd8ed1ab_1.conda
      - conda: https://conda.anaconda.org/conda-forge/noarch/pexpect-4.9.0-pyhd8ed1ab_1.conda
      - conda: https://conda.anaconda.org/conda-forge/noarch/pickleshare-0.7.5-pyhd8ed1ab_1004.conda
      - conda: https://conda.anaconda.org/conda-forge/noarch/pluggy-1.5.0-pyhd8ed1ab_1.conda
      - conda: https://conda.anaconda.org/conda-forge/noarch/prompt-toolkit-3.0.51-pyha770c72_0.conda
      - conda: https://conda.anaconda.org/conda-forge/noarch/ptyprocess-0.7.0-pyhd8ed1ab_1.conda
      - conda: https://conda.anaconda.org/conda-forge/noarch/pure_eval-0.2.3-pyhd8ed1ab_1.conda
      - conda: https://conda.anaconda.org/conda-forge/noarch/pycparser-2.22-pyh29332c3_1.conda
      - conda: https://conda.anaconda.org/conda-forge/noarch/pygments-2.19.1-pyhd8ed1ab_0.conda
      - conda: https://conda.anaconda.org/conda-forge/noarch/pypandoc-1.15-pyhd8ed1ab_0.conda
      - conda: https://conda.anaconda.org/conda-forge/noarch/pytest-8.3.5-pyhd8ed1ab_0.conda
      - conda: https://conda.anaconda.org/conda-forge/osx-64/python-3.12.10-h9ccd52b_0_cpython.conda
      - conda: https://conda.anaconda.org/conda-forge/noarch/python-dateutil-2.9.0.post0-pyhff2d567_1.conda
      - conda: https://conda.anaconda.org/conda-forge/noarch/python-tzdata-2025.2-pyhd8ed1ab_0.conda
      - conda: https://conda.anaconda.org/conda-forge/noarch/python_abi-3.12-7_cp312.conda
      - conda: https://conda.anaconda.org/conda-forge/noarch/pytz-2025.2-pyhd8ed1ab_0.conda
      - conda: https://conda.anaconda.org/conda-forge/osx-64/readline-8.2-h7cca4af_2.conda
      - conda: https://conda.anaconda.org/conda-forge/noarch/setuptools-80.1.0-pyhff2d567_0.conda
      - conda: https://conda.anaconda.org/conda-forge/noarch/six-1.17.0-pyhd8ed1ab_0.conda
      - conda: https://conda.anaconda.org/conda-forge/noarch/smmap-5.0.2-pyhd8ed1ab_0.conda
      - conda: https://conda.anaconda.org/conda-forge/noarch/stack_data-0.6.3-pyhd8ed1ab_1.conda
      - conda: https://conda.anaconda.org/conda-forge/osx-64/tk-8.6.13-h1abcd95_1.conda
      - conda: https://conda.anaconda.org/conda-forge/noarch/tomli-2.2.1-pyhd8ed1ab_1.conda
      - conda: https://conda.anaconda.org/conda-forge/noarch/traitlets-5.14.3-pyhd8ed1ab_1.conda
      - conda: https://conda.anaconda.org/conda-forge/noarch/typing_extensions-4.13.2-pyh29332c3_0.conda
      - conda: https://conda.anaconda.org/conda-forge/noarch/tzdata-2025b-h78e105d_0.conda
      - conda: https://conda.anaconda.org/conda-forge/noarch/wcwidth-0.2.13-pyhd8ed1ab_1.conda
packages:
- conda: https://conda.anaconda.org/conda-forge/noarch/asttokens-3.0.0-pyhd8ed1ab_1.conda
  sha256: 93b14414b3b3ed91e286e1cbe4e7a60c4e1b1c730b0814d1e452a8ac4b9af593
  md5: 8f587de4bcf981e26228f268df374a9b
  depends:
  - python >=3.9
  constrains:
  - astroid >=2,<4
  license: Apache-2.0
  license_family: Apache
  size: 28206
  timestamp: 1733250564754
- conda: https://conda.anaconda.org/conda-forge/osx-64/bzip2-1.0.8-hfdf4475_7.conda
  sha256: cad153608b81fb24fc8c509357daa9ae4e49dfc535b2cb49b91e23dbd68fc3c5
  md5: 7ed4301d437b59045be7e051a0308211
  depends:
  - __osx >=10.13
  license: bzip2-1.0.6
  license_family: BSD
  size: 134188
  timestamp: 1720974491916
- conda: https://conda.anaconda.org/conda-forge/noarch/ca-certificates-2025.4.26-hbd8a1cb_0.conda
  sha256: 2a70ed95ace8a3f8a29e6cd1476a943df294a7111dfb3e152e3478c4c889b7ac
  md5: 95db94f75ba080a22eb623590993167b
  depends:
  - __unix
  license: ISC
  size: 152283
  timestamp: 1745653616541
- conda: https://conda.anaconda.org/conda-forge/osx-64/cffi-1.17.1-py312hf857d28_0.conda
  sha256: 94fe49aed25d84997e2630d6e776a75ee2a85bd64f258702c57faa4fe2986902
  md5: 5bbc69b8194fedc2792e451026cac34f
  depends:
  - __osx >=10.13
  - libffi >=3.4,<4.0a0
  - pycparser
  - python >=3.12,<3.13.0a0
  - python_abi 3.12.* *_cp312
  license: MIT
  license_family: MIT
  size: 282425
  timestamp: 1725560725144
- conda: https://conda.anaconda.org/conda-forge/noarch/click-8.1.8-pyh707e725_0.conda
  sha256: c920d23cd1fcf565031c679adb62d848af60d6fbb0edc2d50ba475cea4f0d8ab
  md5: f22f4d4970e09d68a10b922cbb0408d3
  depends:
  - __unix
  - python >=3.9
  license: BSD-3-Clause
  license_family: BSD
  size: 84705
  timestamp: 1734858922844
- conda: https://conda.anaconda.org/conda-forge/noarch/colorama-0.4.6-pyhd8ed1ab_1.conda
  sha256: ab29d57dc70786c1269633ba3dff20288b81664d3ff8d21af995742e2bb03287
  md5: 962b9857ee8e7018c22f2776ffa0b2d7
  depends:
  - python >=3.9
  license: BSD-3-Clause
  license_family: BSD
  size: 27011
  timestamp: 1733218222191
- conda: https://conda.anaconda.org/conda-forge/osx-64/cryptography-44.0.2-py312h0995e51_0.conda
  sha256: 49602628605b16a101b49316ded4f0b72e61468d77917a632a9441567751be8a
  md5: f7bc4b60452afd2b788172a8e12a0371
  depends:
  - __osx >=10.13
  - cffi >=1.12
  - openssl >=3.4.1,<4.0a0
  - python >=3.12,<3.13.0a0
  - python_abi 3.12.* *_cp312
  constrains:
  - __osx >=10.13
  license: Apache-2.0 AND BSD-3-Clause AND PSF-2.0 AND MIT
  license_family: BSD
  size: 1508139
  timestamp: 1740893944716
- conda: https://conda.anaconda.org/conda-forge/noarch/decorator-5.2.1-pyhd8ed1ab_0.conda
  sha256: c17c6b9937c08ad63cb20a26f403a3234088e57d4455600974a0ce865cb14017
  md5: 9ce473d1d1be1cc3810856a48b3fab32
  depends:
  - python >=3.9
  license: BSD-2-Clause
  license_family: BSD
  size: 14129
  timestamp: 1740385067843
- conda: https://conda.anaconda.org/conda-forge/noarch/exceptiongroup-1.2.2-pyhd8ed1ab_1.conda
  sha256: cbde2c64ec317118fc06b223c5fd87c8a680255e7348dd60e7b292d2e103e701
  md5: a16662747cdeb9abbac74d0057cc976e
  depends:
  - python >=3.9
  license: MIT and PSF-2.0
  size: 20486
  timestamp: 1733208916977
- conda: https://conda.anaconda.org/conda-forge/noarch/executing-2.2.0-pyhd8ed1ab_0.conda
  sha256: 7510dd93b9848c6257c43fdf9ad22adf62e7aa6da5f12a6a757aed83bcfedf05
  md5: 81d30c08f9a3e556e8ca9e124b044d14
  depends:
  - python >=3.9
  license: MIT
  license_family: MIT
  size: 29652
  timestamp: 1745502200340
- conda: https://conda.anaconda.org/conda-forge/noarch/gitdb-4.0.12-pyhd8ed1ab_0.conda
  sha256: dbbec21a369872c8ebe23cb9a3b9d63638479ee30face165aa0fccc96e93eec3
  md5: 7c14f3706e099f8fcd47af2d494616cc
  depends:
  - python >=3.9
  - smmap >=3.0.1,<6
  license: BSD-3-Clause
  license_family: BSD
  size: 53136
  timestamp: 1735887290843
- conda: https://conda.anaconda.org/conda-forge/noarch/gitpython-3.1.44-pyhff2d567_0.conda
  sha256: b996e717ca693e4e831d3d3143aca3abb47536561306195002b226fe4dde53c3
  md5: 140a4e944f7488467872e562a2a52789
  depends:
  - gitdb >=4.0.1,<5
  - python >=3.9
  - typing_extensions >=3.7.4.3
  license: BSD-3-Clause
  license_family: BSD
  size: 157200
  timestamp: 1735929768433
- conda: https://conda.anaconda.org/conda-forge/noarch/iniconfig-2.0.0-pyhd8ed1ab_1.conda
  sha256: 0ec8f4d02053cd03b0f3e63168316530949484f80e16f5e2fb199a1d117a89ca
  md5: 6837f3eff7dcea42ecd714ce1ac2b108
  depends:
  - python >=3.9
  license: MIT
  license_family: MIT
  size: 11474
  timestamp: 1733223232820
- conda: https://conda.anaconda.org/conda-forge/noarch/ipython-9.2.0-pyhfb0248b_0.conda
  sha256: 539d003c379c22a71df1eb76cd4167a3e2d59f45e6dbc3416c45619f4c1381fb
  md5: 7330ee1244209cfebfb23d828dd9aae5
  depends:
  - __unix
  - pexpect >4.3
  - decorator
  - exceptiongroup
  - ipython_pygments_lexers
  - jedi >=0.16
  - matplotlib-inline
  - pickleshare
  - prompt-toolkit >=3.0.41,<3.1.0
  - pygments >=2.4.0
  - python >=3.11
  - stack_data
  - traitlets >=5.13.0
  - typing_extensions >=4.6
  - python
  license: BSD-3-Clause
  license_family: BSD
  size: 620691
  timestamp: 1745672166398
- conda: https://conda.anaconda.org/conda-forge/noarch/ipython_pygments_lexers-1.1.1-pyhd8ed1ab_0.conda
  sha256: 894682a42a7d659ae12878dbcb274516a7031bbea9104e92f8e88c1f2765a104
  md5: bd80ba060603cc228d9d81c257093119
  depends:
  - pygments
  - python >=3.9
  license: BSD-3-Clause
  license_family: BSD
  size: 13993
  timestamp: 1737123723464
- conda: https://conda.anaconda.org/conda-forge/noarch/jedi-0.19.2-pyhd8ed1ab_1.conda
  sha256: 92c4d217e2dc68983f724aa983cca5464dcb929c566627b26a2511159667dba8
  md5: a4f4c5dc9b80bc50e0d3dc4e6e8f1bd9
  depends:
  - parso >=0.8.3,<0.9.0
  - python >=3.9
  license: Apache-2.0 AND MIT
  size: 843646
  timestamp: 1733300981994
- conda: https://conda.anaconda.org/conda-forge/osx-64/libblas-3.9.0-31_h7f60823_openblas.conda
  build_number: 31
  sha256: 2192f9cfa72a1a6127eb1c57a9662eb1b44c6506f2b7517cf021f1262d2bf56d
  md5: a8c1c9f95d1c46d67028a6146c1ea77c
  depends:
  - libopenblas >=0.3.29,<0.3.30.0a0
  - libopenblas >=0.3.29,<1.0a0
  constrains:
  - libcblas =3.9.0=31*_openblas
  - liblapacke =3.9.0=31*_openblas
  - blas =2.131=openblas
  - mkl <2025
  - liblapack =3.9.0=31*_openblas
  license: BSD-3-Clause
  license_family: BSD
  size: 17105
  timestamp: 1740087945188
- conda: https://conda.anaconda.org/conda-forge/osx-64/libcblas-3.9.0-31_hff6cab4_openblas.conda
  build_number: 31
  sha256: a64b24e195f7790722e1557ff5ed9ecceaaf85559b182d0d03fa61c1fd60326c
  md5: c655cc2b0c48ec454f7a4db92415d012
  depends:
  - libblas 3.9.0 31_h7f60823_openblas
  constrains:
  - liblapacke =3.9.0=31*_openblas
  - blas =2.131=openblas
  - liblapack =3.9.0=31*_openblas
  license: BSD-3-Clause
  license_family: BSD
  size: 17006
  timestamp: 1740087955460
- conda: https://conda.anaconda.org/conda-forge/osx-64/libcxx-20.1.4-hf95d169_0.conda
  sha256: 491ae6c8b5dc678581b52d24de73e303b895fd5f600da2f6f721b385692083d0
  md5: 9a38a63cfe950dd3e1b3adfcba731d3a
  depends:
  - __osx >=10.13
  license: Apache-2.0 WITH LLVM-exception
  license_family: Apache
  size: 559984
  timestamp: 1745991583464
- conda: https://conda.anaconda.org/conda-forge/osx-64/libexpat-2.7.0-h240833e_0.conda
  sha256: 976f2e23ad2bb2b8e92c99bfa2ead3ad557b17a129b170f7e2dfcf233193dd7e
  md5: 026d0a1056ba2a3dbbea6d4b08188676
  depends:
  - __osx >=10.13
  constrains:
  - expat 2.7.0.*
  license: MIT
  license_family: MIT
  size: 71894
  timestamp: 1743431912423
- conda: https://conda.anaconda.org/conda-forge/osx-64/libffi-3.4.6-h281671d_1.conda
  sha256: 6394b1bc67c64a21a5cc73d1736d1d4193a64515152e861785c44d2cfc49edf3
  md5: 4ca9ea59839a9ca8df84170fab4ceb41
  depends:
  - __osx >=10.13
  license: MIT
  license_family: MIT
  size: 51216
  timestamp: 1743434595269
- conda: https://conda.anaconda.org/conda-forge/osx-64/libgfortran-14.2.0-hef36b68_105.conda
  sha256: 984040aa98dedcfbe1cf59befd73740e30d368b96cbfa17c002297e67fa5af23
  md5: 6b27baf030f5d6603713c7e72d3f6b9a
  depends:
  - libgfortran5 14.2.0 h58528f3_105
  license: GPL-3.0-only WITH GCC-exception-3.1
  license_family: GPL
  size: 155635
  timestamp: 1743911593527
- conda: https://conda.anaconda.org/conda-forge/osx-64/libgfortran5-14.2.0-h58528f3_105.conda
  sha256: 02fc48106e1ca65cf7de15f58ec567f866f6e8e9dcced157d0cff89f0768bb59
  md5: 94560312ff3c78225bed62ab59854c31
  depends:
  - llvm-openmp >=8.0.0
  constrains:
  - libgfortran 14.2.0
  license: GPL-3.0-only WITH GCC-exception-3.1
  license_family: GPL
  size: 1224385
  timestamp: 1743911552203
- conda: https://conda.anaconda.org/conda-forge/osx-64/liblapack-3.9.0-31_h236ab99_openblas.conda
  build_number: 31
  sha256: 2d5642b07b56037ab735e5d64309dd905d5acb207a1b2ab1692f811b55a64825
  md5: d0f3bc17e0acef003cb9d9195a205888
  depends:
  - libblas 3.9.0 31_h7f60823_openblas
  constrains:
  - libcblas =3.9.0=31*_openblas
  - blas =2.131=openblas
  - liblapacke =3.9.0=31*_openblas
  license: BSD-3-Clause
  license_family: BSD
  size: 17033
  timestamp: 1740087965941
- conda: https://conda.anaconda.org/conda-forge/osx-64/liblzma-5.8.1-hd471939_0.conda
  sha256: 3369b8ef0b544d17aebc530a687c0480051e825e8ffcd001b1a5f594fe276159
  md5: 8e1197f652c67e87a9ece738d82cef4f
  depends:
  - __osx >=10.13
  license: 0BSD
  size: 104689
  timestamp: 1743771137842
- conda: https://conda.anaconda.org/conda-forge/osx-64/libopenblas-0.3.29-openmp_hbf64a52_0.conda
  sha256: fbb413923f91cb80a4d23725816499b921dd87454121efcde107abc7772c937a
  md5: a30dc52b2a8b6300f17eaabd2f940d41
  depends:
  - __osx >=10.13
  - libgfortran >=5
  - libgfortran5 >=13.2.0
  - llvm-openmp >=18.1.8
  constrains:
  - openblas >=0.3.29,<0.3.30.0a0
  license: BSD-3-Clause
  license_family: BSD
  size: 6170847
  timestamp: 1739826107594
- conda: https://conda.anaconda.org/conda-forge/osx-64/libsqlite-3.49.1-hdb6dae5_2.conda
  sha256: 82695c9b16a702de615c8303387384c6ec5cf8b98e16458e5b1935b950e4ec38
  md5: 1819e770584a7e83a81541d8253cbabe
  depends:
  - __osx >=10.13
  - libzlib >=1.3.1,<2.0a0
  license: Unlicense
  size: 977701
  timestamp: 1742083869897
- conda: https://conda.anaconda.org/conda-forge/osx-64/libzlib-1.3.1-hd23fc13_2.conda
  sha256: 8412f96504fc5993a63edf1e211d042a1fd5b1d51dedec755d2058948fcced09
  md5: 003a54a4e32b02f7355b50a837e699da
  depends:
  - __osx >=10.13
  constrains:
  - zlib 1.3.1 *_2
  license: Zlib
  license_family: Other
  size: 57133
  timestamp: 1727963183990
- conda: https://conda.anaconda.org/conda-forge/osx-64/llvm-openmp-20.1.3-ha54dae1_0.conda
  sha256: deaba16df3fd04910255188dfbd2924d07476375a2e75472859b3c6a9fabd60b
  md5: 16b29a91c8177de8910477ded0f80191
  depends:
  - __osx >=10.13
  constrains:
  - openmp 20.1.3|20.1.3.*
  license: Apache-2.0 WITH LLVM-exception
  license_family: APACHE
  size: 306693
  timestamp: 1744934078427
- conda: https://conda.anaconda.org/conda-forge/noarch/matplotlib-inline-0.1.7-pyhd8ed1ab_1.conda
  sha256: 69b7dc7131703d3d60da9b0faa6dd8acbf6f6c396224cf6aef3e855b8c0c41c6
  md5: af6ab708897df59bd6e7283ceab1b56b
  depends:
  - python >=3.9
  - traitlets
  license: BSD-3-Clause
  license_family: BSD
  size: 14467
  timestamp: 1733417051523
- conda: https://conda.anaconda.org/conda-forge/osx-64/ncurses-6.5-h0622a9a_3.conda
  sha256: ea4a5d27ded18443749aefa49dc79f6356da8506d508b5296f60b8d51e0c4bd9
  md5: ced34dd9929f491ca6dab6a2927aff25
  depends:
  - __osx >=10.13
  license: X11 AND BSD-3-Clause
  size: 822259
  timestamp: 1738196181298
- conda: https://conda.anaconda.org/conda-forge/osx-64/numpy-2.2.5-py312h6693b03_0.conda
  sha256: ac2c9e186d39087e4515999b0e42d1f7e83c22743e8aab183c3675fd972d7d34
  md5: db10cfa34ff7aa01cb6d0cf03c872f09
  depends:
  - __osx >=10.13
  - libblas >=3.9.0,<4.0a0
  - libcblas >=3.9.0,<4.0a0
  - libcxx >=18
  - liblapack >=3.9.0,<4.0a0
  - python >=3.12,<3.13.0a0
  - python_abi 3.12.* *_cp312
  constrains:
  - numpy-base <0a0
  license: BSD-3-Clause
  license_family: BSD
  size: 7635087
  timestamp: 1745119684441
- conda: https://conda.anaconda.org/conda-forge/osx-64/openssl-3.5.0-hc426f3f_0.conda
  sha256: 7ee137b67f2de89d203e5ac2ebffd6d42252700005bf6af2bbf3dc11a9dfedbd
  md5: e06e13c34056b6334a7a1188b0f4c83c
  depends:
  - __osx >=10.13
  - ca-certificates
  license: Apache-2.0
  license_family: Apache
  size: 2737547
  timestamp: 1744140967264
- conda: https://conda.anaconda.org/conda-forge/noarch/packaging-25.0-pyh29332c3_1.conda
  sha256: 289861ed0c13a15d7bbb408796af4de72c2fe67e2bcb0de98f4c3fce259d7991
  md5: 58335b26c38bf4a20f399384c33cbcf9
  depends:
  - python >=3.8
  - python
  license: Apache-2.0
  license_family: APACHE
  size: 62477
  timestamp: 1745345660407
- conda: https://conda.anaconda.org/conda-forge/osx-64/pandas-2.2.3-py312hec45ffd_3.conda
  sha256: b9c98565d165384a53ecdb14c8ccd9144d672b58c81e057598d197c6be0aba98
  md5: 50fcc3531441b73cb493ef9b2604abde
  depends:
  - __osx >=10.13
  - libcxx >=18
  - numpy >=1.19,<3
  - numpy >=1.22.4
  - python >=3.12,<3.13.0a0
  - python-dateutil >=2.8.2
  - python-tzdata >=2022.7
  - python_abi 3.12.* *_cp312
  - pytz >=2020.1
  constrains:
  - sqlalchemy >=2.0.0
  - numba >=0.56.4
  - pyarrow >=10.0.1
  - python-calamine >=0.1.7
  - bottleneck >=1.3.6
  - tzdata >=2022.7
  - lxml >=4.9.2
  - gcsfs >=2022.11.0
  - html5lib >=1.1
  - pandas-gbq >=0.19.0
  - psycopg2 >=2.9.6
  - numexpr >=2.8.4
  - fastparquet >=2022.12.0
  - zstandard >=0.19.0
  - tabulate >=0.9.0
  - xarray >=2022.12.0
  - xlsxwriter >=3.0.5
  - odfpy >=1.4.1
  - pyreadstat >=1.2.0
  - openpyxl >=3.1.0
  - xlrd >=2.0.1
  - beautifulsoup4 >=4.11.2
  - s3fs >=2022.11.0
  - matplotlib >=3.6.3
  - scipy >=1.10.0
  - fsspec >=2022.11.0
  - pytables >=3.8.0
  - qtpy >=2.3.0
  - blosc >=1.21.3
  - pyqt5 >=5.15.9
  - pyxlsb >=1.0.10
  license: BSD-3-Clause
  license_family: BSD
  size: 14590879
  timestamp: 1744431018654
- conda: https://conda.anaconda.org/conda-forge/osx-64/pandoc-3.6.4-h694c41f_0.conda
  sha256: e452df50e5206ca32321a0fefb36b5c73f15a4bf5eb6639b411e82f365898906
  md5: 757409a55c77cd47c6c9ecc7e48ee241
  license: GPL-2.0-or-later
  license_family: GPL
  size: 14334412
  timestamp: 1742226922856
- conda: https://conda.anaconda.org/conda-forge/noarch/parso-0.8.4-pyhd8ed1ab_1.conda
  sha256: 17131120c10401a99205fc6fe436e7903c0fa092f1b3e80452927ab377239bcc
  md5: 5c092057b6badd30f75b06244ecd01c9
  depends:
  - python >=3.9
  license: MIT
  license_family: MIT
  size: 75295
  timestamp: 1733271352153
- conda: https://conda.anaconda.org/conda-forge/noarch/pexpect-4.9.0-pyhd8ed1ab_1.conda
  sha256: 202af1de83b585d36445dc1fda94266697341994d1a3328fabde4989e1b3d07a
  md5: d0d408b1f18883a944376da5cf8101ea
  depends:
  - ptyprocess >=0.5
  - python >=3.9
  license: ISC
  size: 53561
  timestamp: 1733302019362
- conda: https://conda.anaconda.org/conda-forge/noarch/pickleshare-0.7.5-pyhd8ed1ab_1004.conda
  sha256: e2ac3d66c367dada209fc6da43e645672364b9fd5f9d28b9f016e24b81af475b
  md5: 11a9d1d09a3615fc07c3faf79bc0b943
  depends:
  - python >=3.9
  license: MIT
  license_family: MIT
  size: 11748
  timestamp: 1733327448200
- conda: https://conda.anaconda.org/conda-forge/noarch/pluggy-1.5.0-pyhd8ed1ab_1.conda
  sha256: 122433fc5318816b8c69283aaf267c73d87aa2d09ce39f64c9805c9a3b264819
  md5: e9dcbce5f45f9ee500e728ae58b605b6
  depends:
  - python >=3.9
  license: MIT
  license_family: MIT
  size: 23595
  timestamp: 1733222855563
- conda: https://conda.anaconda.org/conda-forge/noarch/prompt-toolkit-3.0.51-pyha770c72_0.conda
  sha256: ebc1bb62ac612af6d40667da266ff723662394c0ca78935340a5b5c14831227b
  md5: d17ae9db4dc594267181bd199bf9a551
  depends:
  - python >=3.9
  - wcwidth
  constrains:
  - prompt_toolkit 3.0.51
  license: BSD-3-Clause
  license_family: BSD
  size: 271841
  timestamp: 1744724188108
- conda: https://conda.anaconda.org/conda-forge/noarch/ptyprocess-0.7.0-pyhd8ed1ab_1.conda
  sha256: a7713dfe30faf17508ec359e0bc7e0983f5d94682492469bd462cdaae9c64d83
  md5: 7d9daffbb8d8e0af0f769dbbcd173a54
  depends:
  - python >=3.9
  license: ISC
  size: 19457
  timestamp: 1733302371990
- conda: https://conda.anaconda.org/conda-forge/noarch/pure_eval-0.2.3-pyhd8ed1ab_1.conda
  sha256: 71bd24600d14bb171a6321d523486f6a06f855e75e547fa0cb2a0953b02047f0
  md5: 3bfdfb8dbcdc4af1ae3f9a8eb3948f04
  depends:
  - python >=3.9
  license: MIT
  license_family: MIT
  size: 16668
  timestamp: 1733569518868
- conda: https://conda.anaconda.org/conda-forge/noarch/pycparser-2.22-pyh29332c3_1.conda
  sha256: 79db7928d13fab2d892592223d7570f5061c192f27b9febd1a418427b719acc6
  md5: 12c566707c80111f9799308d9e265aef
  depends:
  - python >=3.9
  - python
  license: BSD-3-Clause
  license_family: BSD
  size: 110100
  timestamp: 1733195786147
- conda: https://conda.anaconda.org/conda-forge/noarch/pygments-2.19.1-pyhd8ed1ab_0.conda
  sha256: 28a3e3161390a9d23bc02b4419448f8d27679d9e2c250e29849e37749c8de86b
  md5: 232fb4577b6687b2d503ef8e254270c9
  depends:
  - python >=3.9
  license: BSD-2-Clause
  license_family: BSD
  size: 888600
  timestamp: 1736243563082
- conda: https://conda.anaconda.org/conda-forge/noarch/pypandoc-1.15-pyhd8ed1ab_0.conda
  sha256: 73ce7f9bacb2b9ef7396cc72fd0a1c52741e34101a0db1a803eb9a7f390719ab
  md5: 64de82b0f6683961bc0435b07dc10e10
  depends:
  - pandoc
  - python >=3.9
  license: MIT
  license_family: MIT
  size: 25114
  timestamp: 1736408961214
- conda: https://conda.anaconda.org/conda-forge/noarch/pytest-8.3.5-pyhd8ed1ab_0.conda
  sha256: 963524de7340c56615583ba7b97a6beb20d5c56a59defb59724dc2a3105169c9
  md5: c3c9316209dec74a705a36797970c6be
  depends:
  - colorama
  - exceptiongroup >=1.0.0rc8
  - iniconfig
  - packaging
  - pluggy <2,>=1.5
  - python >=3.9
  - tomli >=1
  constrains:
  - pytest-faulthandler >=2
  license: MIT
  license_family: MIT
  size: 259816
  timestamp: 1740946648058
- conda: https://conda.anaconda.org/conda-forge/osx-64/python-3.12.10-h9ccd52b_0_cpython.conda
  sha256: 94835a129330dc1b2f645e12c7857a1aa4246e51777d7a9b7c280747dbb5a9a2
  md5: 597c4102c97504ede5297d06fb763951
  depends:
  - __osx >=10.13
  - bzip2 >=1.0.8,<2.0a0
  - libexpat >=2.7.0,<3.0a0
  - libffi >=3.4.6,<3.5.0a0
  - liblzma >=5.8.1,<6.0a0
  - libsqlite >=3.49.1,<4.0a0
  - libzlib >=1.3.1,<2.0a0
  - ncurses >=6.5,<7.0a0
  - openssl >=3.5.0,<4.0a0
  - readline >=8.2,<9.0a0
  - tk >=8.6.13,<8.7.0a0
  - tzdata
  constrains:
  - python_abi 3.12.* *_cp312
  license: Python-2.0
  size: 13783219
  timestamp: 1744324415187
- conda: https://conda.anaconda.org/conda-forge/noarch/python-dateutil-2.9.0.post0-pyhff2d567_1.conda
  sha256: a50052536f1ef8516ed11a844f9413661829aa083304dc624c5925298d078d79
  md5: 5ba79d7c71f03c678c8ead841f347d6e
  depends:
  - python >=3.9
  - six >=1.5
  license: Apache-2.0
  license_family: APACHE
  size: 222505
  timestamp: 1733215763718
- conda: https://conda.anaconda.org/conda-forge/noarch/python-tzdata-2025.2-pyhd8ed1ab_0.conda
  sha256: e8392a8044d56ad017c08fec2b0eb10ae3d1235ac967d0aab8bd7b41c4a5eaf0
  md5: 88476ae6ebd24f39261e0854ac244f33
  depends:
  - python >=3.9
  license: Apache-2.0
  license_family: APACHE
  size: 144160
  timestamp: 1742745254292
- conda: https://conda.anaconda.org/conda-forge/noarch/python_abi-3.12-7_cp312.conda
  build_number: 7
  sha256: a1bbced35e0df66cc713105344263570e835625c28d1bdee8f748f482b2d7793
  md5: 0dfcdc155cf23812a0c9deada86fb723
  constrains:
  - python 3.12.* *_cpython
  license: BSD-3-Clause
  license_family: BSD
  size: 6971
  timestamp: 1745258861359
- conda: https://conda.anaconda.org/conda-forge/noarch/pytz-2025.2-pyhd8ed1ab_0.conda
  sha256: 8d2a8bf110cc1fc3df6904091dead158ba3e614d8402a83e51ed3a8aa93cdeb0
  md5: bc8e3267d44011051f2eb14d22fb0960
  depends:
  - python >=3.9
  license: MIT
  license_family: MIT
  size: 189015
  timestamp: 1742920947249
- conda: https://conda.anaconda.org/conda-forge/osx-64/readline-8.2-h7cca4af_2.conda
  sha256: 53017e80453c4c1d97aaf78369040418dea14cf8f46a2fa999f31bd70b36c877
  md5: 342570f8e02f2f022147a7f841475784
  depends:
  - ncurses >=6.5,<7.0a0
  license: GPL-3.0-only
  license_family: GPL
  size: 256712
  timestamp: 1740379577668
- conda: https://conda.anaconda.org/conda-forge/noarch/setuptools-80.1.0-pyhff2d567_0.conda
  sha256: 777d34ed359cedd5a5004c930077c101bb3b70e5fbb04d29da5058d75b0ba487
  md5: f6f72d0837c79eaec77661be43e8a691
  depends:
  - python >=3.9
  license: MIT
  license_family: MIT
  size: 778484
  timestamp: 1746085063737
- conda: https://conda.anaconda.org/conda-forge/noarch/six-1.17.0-pyhd8ed1ab_0.conda
  sha256: 41db0180680cc67c3fa76544ffd48d6a5679d96f4b71d7498a759e94edc9a2db
  md5: a451d576819089b0d672f18768be0f65
  depends:
  - python >=3.9
  license: MIT
  license_family: MIT
  size: 16385
  timestamp: 1733381032766
- conda: https://conda.anaconda.org/conda-forge/noarch/smmap-5.0.2-pyhd8ed1ab_0.conda
  sha256: eb92d0ad94b65af16c73071cc00cc0e10f2532be807beb52758aab2b06eb21e2
  md5: 87f47a78808baf2fa1ea9c315a1e48f1
  depends:
  - python >=3.9
  license: BSD-3-Clause
  license_family: BSD
  size: 26051
  timestamp: 1739781801801
- conda: https://conda.anaconda.org/conda-forge/noarch/stack_data-0.6.3-pyhd8ed1ab_1.conda
  sha256: 570da295d421661af487f1595045760526964f41471021056e993e73089e9c41
  md5: b1b505328da7a6b246787df4b5a49fbc
  depends:
  - asttokens
  - executing
  - pure_eval
  - python >=3.9
  license: MIT
  license_family: MIT
  size: 26988
  timestamp: 1733569565672
- conda: https://conda.anaconda.org/conda-forge/osx-64/tk-8.6.13-h1abcd95_1.conda
  sha256: 30412b2e9de4ff82d8c2a7e5d06a15f4f4fef1809a72138b6ccb53a33b26faf5
  md5: bf830ba5afc507c6232d4ef0fb1a882d
  depends:
  - libzlib >=1.2.13,<2.0.0a0
  license: TCL
  license_family: BSD
  size: 3270220
  timestamp: 1699202389792
- conda: https://conda.anaconda.org/conda-forge/noarch/tomli-2.2.1-pyhd8ed1ab_1.conda
  sha256: 18636339a79656962723077df9a56c0ac7b8a864329eb8f847ee3d38495b863e
  md5: ac944244f1fed2eb49bae07193ae8215
  depends:
  - python >=3.9
  license: MIT
  license_family: MIT
  size: 19167
  timestamp: 1733256819729
- conda: https://conda.anaconda.org/conda-forge/noarch/traitlets-5.14.3-pyhd8ed1ab_1.conda
  sha256: f39a5620c6e8e9e98357507262a7869de2ae8cc07da8b7f84e517c9fd6c2b959
  md5: 019a7385be9af33791c989871317e1ed
  depends:
  - python >=3.9
  license: BSD-3-Clause
  license_family: BSD
  size: 110051
  timestamp: 1733367480074
- conda: https://conda.anaconda.org/conda-forge/noarch/typing_extensions-4.13.2-pyh29332c3_0.conda
  sha256: a8aaf351e6461de0d5d47e4911257e25eec2fa409d71f3b643bb2f748bde1c08
  md5: 83fc6ae00127671e301c9f44254c31b8
  depends:
  - python >=3.9
  - python
  license: PSF-2.0
  license_family: PSF
  size: 52189
  timestamp: 1744302253997
- conda: https://conda.anaconda.org/conda-forge/noarch/tzdata-2025b-h78e105d_0.conda
  sha256: 5aaa366385d716557e365f0a4e9c3fca43ba196872abbbe3d56bb610d131e192
  md5: 4222072737ccff51314b5ece9c7d6f5a
  license: LicenseRef-Public-Domain
  size: 122968
  timestamp: 1742727099393
- conda: https://conda.anaconda.org/conda-forge/noarch/wcwidth-0.2.13-pyhd8ed1ab_1.conda
  sha256: f21e63e8f7346f9074fd00ca3b079bd3d2fa4d71f1f89d5b6934bf31446dc2a5
  md5: b68980f2495d096e71c7fd9d7ccf63e6
  depends:
  - python >=3.9
  license: MIT
  license_family: MIT
  size: 32581
  timestamp: 1733231433877
